<?xml version="1.0" encoding="utf-8"?>
<Project ToolsVersion="4.0" xmlns="http://schemas.microsoft.com/developer/msbuild/2003">
  <ItemGroup>
    <Filter Include="Source Files">
      <UniqueIdentifier>{4FC737F1-C7A5-4376-A066-2A32D752A2FF}</UniqueIdentifier>
      <Extensions>cpp;c;cc;cxx;c++;cppm;ixx;def;odl;idl;hpj;bat;asm;asmx</Extensions>
    </Filter>
    <Filter Include="Header Files">
      <UniqueIdentifier>{93995380-89BD-4b04-88EB-625FBE52EBFB}</UniqueIdentifier>
      <Extensions>h;hh;hpp;hxx;h++;hm;inl;inc;ipp;xsd</Extensions>
    </Filter>
    <Filter Include="Resource Files">
      <UniqueIdentifier>{67DA6AB6-F800-4c08-8B7A-83BB121AAD01}</UniqueIdentifier>
      <Extensions>rc;ico;cur;bmp;dlg;rc2;rct;bin;rgs;gif;jpg;jpeg;jpe;resx;tiff;tif;png;wav;mfcribbon-ms</Extensions>
    </Filter>
    <Filter Include="Source Files\Clases">
      <UniqueIdentifier>{4ffe54e1-86d5-41c2-8d18-0091c65acb86}</UniqueIdentifier>
    </Filter>
    <Filter Include="Source Files\Clases\Models">
      <UniqueIdentifier>{b447aa48-e993-4559-9d88-0b4ff824a200}</UniqueIdentifier>
    </Filter>
    <Filter Include="Source Files\Clases\Transformations">
      <UniqueIdentifier>{ca3d65dc-65af-430c-a4fc-d80eea19a667}</UniqueIdentifier>
    </Filter>
    <Filter Include="Source Files\Clases\Scenes">
      <UniqueIdentifier>{f2019b46-fc21-4bb3-bfe7-366ca7486dc9}</UniqueIdentifier>
    </Filter>
    <Filter Include="Source Files\Clases\Shader">
      <UniqueIdentifier>{2217c32e-568e-4c3d-82b3-296ba2be16b9}</UniqueIdentifier>
    </Filter>
    <Filter Include="Source Files\Clases\Camera">
      <UniqueIdentifier>{9ceef248-0d53-4b80-9d18-19f567339b03}</UniqueIdentifier>
    </Filter>
  </ItemGroup>
  <ItemGroup>
    <ClCompile Include="Source.cpp">
      <Filter>Source Files</Filter>
    </ClCompile>
    <ClCompile Include="Model.cpp">
      <Filter>Source Files\Clases\Models</Filter>
    </ClCompile>
    <ClCompile Include="DrawableObject.cpp">
      <Filter>Source Files\Clases</Filter>
    </ClCompile>
    <ClCompile Include="Rotate.cpp">
      <Filter>Source Files\Clases\Transformations</Filter>
    </ClCompile>
    <ClCompile Include="Scale.cpp">
      <Filter>Source Files\Clases\Transformations</Filter>
    </ClCompile>
    <ClCompile Include="Scene_3.cpp">
      <Filter>Source Files\Clases\Scenes</Filter>
    </ClCompile>
    <ClCompile Include="Scene_1.cpp">
      <Filter>Source Files\Clases\Scenes</Filter>
    </ClCompile>
    <ClCompile Include="Scene_2.cpp">
      <Filter>Source Files\Clases\Scenes</Filter>
    </ClCompile>
    <ClCompile Include="Translate.cpp">
      <Filter>Source Files\Clases\Transformations</Filter>
    </ClCompile>
    <ClCompile Include="Scene.cpp">
      <Filter>Source Files\Clases\Scenes</Filter>
    </ClCompile>
    <ClCompile Include="Transform.cpp">
      <Filter>Source Files\Clases\Transformations</Filter>
    </ClCompile>
    <ClCompile Include="Application.cpp">
      <Filter>Source Files\Clases</Filter>
    </ClCompile>
    <ClCompile Include="ShaderProgram.cpp">
      <Filter>Source Files\Clases\Shader</Filter>
    </ClCompile>
    <ClCompile Include="Shader.cpp">
      <Filter>Source Files\Clases\Shader</Filter>
    </ClCompile>
    <ClCompile Include="Camera.cpp">
      <Filter>Source Files\Clases\Camera</Filter>
    </ClCompile>
    <ClCompile Include="InputManager.cpp">
      <Filter>Source Files\Clases</Filter>
    </ClCompile>
    <ClCompile Include="SceneManager.cpp">
      <Filter>Source Files\Clases\Scenes</Filter>
    </ClCompile>
    <ClCompile Include="Subject.cpp">
      <Filter>Source Files</Filter>
    </ClCompile>
  </ItemGroup>
  <ItemGroup>
    <ClInclude Include="Application.h">
      <Filter>Header Files</Filter>
    </ClInclude>
    <ClInclude Include="Model.h">
      <Filter>Header Files</Filter>
    </ClInclude>
    <ClInclude Include="DrawableObject.h">
      <Filter>Header Files</Filter>
    </ClInclude>
    <ClInclude Include="Rotate.h">
      <Filter>Header Files</Filter>
    </ClInclude>
    <ClInclude Include="Scale.h">
      <Filter>Header Files</Filter>
    </ClInclude>
    <ClInclude Include="Scene.h">
      <Filter>Header Files</Filter>
    </ClInclude>
    <ClInclude Include="Scene_1.h">
      <Filter>Header Files</Filter>
    </ClInclude>
    <ClInclude Include="Scene_2.h">
      <Filter>Header Files</Filter>
    </ClInclude>
    <ClInclude Include="Scene_3.h">
      <Filter>Header Files</Filter>
    </ClInclude>
    <ClInclude Include="ShaderProgram.h">
      <Filter>Header Files</Filter>
    </ClInclude>
    <ClInclude Include="Transform.h">
      <Filter>Header Files</Filter>
    </ClInclude>
    <ClInclude Include="Translate.h">
      <Filter>Header Files</Filter>
    </ClInclude>
    <ClInclude Include="TransformBase.h">
      <Filter>Header Files</Filter>
    </ClInclude>
    <ClInclude Include="Shader.h">
      <Filter>Header Files</Filter>
    </ClInclude>
    <ClInclude Include="ShaderSources.h">
      <Filter>Source Files\Clases\Shader</Filter>
    </ClInclude>
    <ClInclude Include="Camera.h">
      <Filter>Header Files</Filter>
    </ClInclude>
    <ClInclude Include="Observer.h">
      <Filter>Header Files</Filter>
    </ClInclude>
    <ClInclude Include="SceneManager.h">
      <Filter>Header Files</Filter>
    </ClInclude>
    <ClInclude Include="InputManager.h">
      <Filter>Header Files</Filter>
    </ClInclude>
    <ClInclude Include="Subject.h">
      <Filter>Header Files</Filter>
    </ClInclude>
  </ItemGroup>
</Project>