<?xml version="1.0" encoding="utf-8"?>
<Project ToolsVersion="4.0" xmlns="http://schemas.microsoft.com/developer/msbuild/2003">
  <ItemGroup>
    <Filter Include="Source Files">
      <UniqueIdentifier>{4FC737F1-C7A5-4376-A066-2A32D752A2FF}</UniqueIdentifier>
      <Extensions>cpp;c;cc;cxx;c++;cppm;ixx;def;odl;idl;hpj;bat;asm;asmx</Extensions>
    </Filter>
    <Filter Include="Header Files">
      <UniqueIdentifier>{93995380-89BD-4b04-88EB-625FBE52EBFB}</UniqueIdentifier>
      <Extensions>h;hh;hpp;hxx;h++;hm;inl;inc;ipp;xsd</Extensions>
    </Filter>
    <Filter Include="Source Files\Clases">
      <UniqueIdentifier>{4ffe54e1-86d5-41c2-8d18-0091c65acb86}</UniqueIdentifier>
    </Filter>
    <Filter Include="Source Files\Clases\Models">
      <UniqueIdentifier>{b447aa48-e993-4559-9d88-0b4ff824a200}</UniqueIdentifier>
    </Filter>
    <Filter Include="Source Files\Clases\Transformations">
      <UniqueIdentifier>{ca3d65dc-65af-430c-a4fc-d80eea19a667}</UniqueIdentifier>
    </Filter>
    <Filter Include="Source Files\Clases\Scenes">
      <UniqueIdentifier>{f2019b46-fc21-4bb3-bfe7-366ca7486dc9}</UniqueIdentifier>
    </Filter>
    <Filter Include="Source Files\Clases\Shader">
      <UniqueIdentifier>{2217c32e-568e-4c3d-82b3-296ba2be16b9}</UniqueIdentifier>
    </Filter>
    <Filter Include="Source Files\Clases\Camera">
      <UniqueIdentifier>{9ceef248-0d53-4b80-9d18-19f567339b03}</UniqueIdentifier>
    </Filter>
    <Filter Include="Source Files\ObserverPattern">
      <UniqueIdentifier>{2b4e9913-c99d-46fa-8019-2755036b3ab5}</UniqueIdentifier>
    </Filter>
    <Filter Include="Models">
      <UniqueIdentifier>{88b6343f-836b-4494-97ce-590dca041529}</UniqueIdentifier>
    </Filter>
    <Filter Include="ShaderSource">
      <UniqueIdentifier>{51e4a593-a0ad-4c10-95be-af5730cf56ce}</UniqueIdentifier>
    </Filter>
    <Filter Include="Source Files\Clases\Light">
      <UniqueIdentifier>{bb290c76-6431-4e09-9565-993819e24489}</UniqueIdentifier>
    </Filter>
  </ItemGroup>
  <ItemGroup>
    <ClCompile Include="Source.cpp">
      <Filter>Source Files</Filter>
    </ClCompile>
    <ClCompile Include="Model.cpp">
      <Filter>Source Files\Clases\Models</Filter>
    </ClCompile>
    <ClCompile Include="Rotate.cpp">
      <Filter>Source Files\Clases\Transformations</Filter>
    </ClCompile>
    <ClCompile Include="Scale.cpp">
      <Filter>Source Files\Clases\Transformations</Filter>
    </ClCompile>
    <ClCompile Include="Scene_3.cpp">
      <Filter>Source Files\Clases\Scenes</Filter>
    </ClCompile>
    <ClCompile Include="Scene_1.cpp">
      <Filter>Source Files\Clases\Scenes</Filter>
    </ClCompile>
    <ClCompile Include="Scene_2.cpp">
      <Filter>Source Files\Clases\Scenes</Filter>
    </ClCompile>
    <ClCompile Include="Translate.cpp">
      <Filter>Source Files\Clases\Transformations</Filter>
    </ClCompile>
    <ClCompile Include="Scene.cpp">
      <Filter>Source Files\Clases\Scenes</Filter>
    </ClCompile>
    <ClCompile Include="Transform.cpp">
      <Filter>Source Files\Clases\Transformations</Filter>
    </ClCompile>
    <ClCompile Include="Application.cpp">
      <Filter>Source Files\Clases</Filter>
    </ClCompile>
    <ClCompile Include="ShaderProgram.cpp">
      <Filter>Source Files\Clases\Shader</Filter>
    </ClCompile>
    <ClCompile Include="Shader.cpp">
      <Filter>Source Files\Clases\Shader</Filter>
    </ClCompile>
    <ClCompile Include="Camera.cpp">
      <Filter>Source Files\Clases\Camera</Filter>
    </ClCompile>
    <ClCompile Include="InputManager.cpp">
      <Filter>Source Files\Clases</Filter>
    </ClCompile>
    <ClCompile Include="SceneManager.cpp">
      <Filter>Source Files\Clases\Scenes</Filter>
    </ClCompile>
    <ClCompile Include="Subject.cpp">
      <Filter>Source Files\ObserverPattern</Filter>
    </ClCompile>
    <ClCompile Include="StructShaderSources.h">
      <Filter>Source Files\Clases\Shader</Filter>
    </ClCompile>
    <ClCompile Include="DrawableObject.cpp">
      <Filter>Source Files\Clases</Filter>
    </ClCompile>
    <ClCompile Include="StructShaderSources.cpp">
      <Filter>Source Files\Clases\Shader</Filter>
    </ClCompile>
    <ClCompile Include="DynamicRotation.cpp">
      <Filter>Source Files\Clases\Transformations</Filter>
    </ClCompile>
    <ClCompile Include="Light.cpp">
      <Filter>Source Files\Clases\Light</Filter>
    </ClCompile>
    <ClCompile Include="StructShaderPair.h">
      <Filter>Source Files\Clases\Shader</Filter>
    </ClCompile>
    <ClCompile Include="DirectionalLight.cpp">
      <Filter>Source Files\Clases\Light</Filter>
    </ClCompile>
    <ClCompile Include="PointLight.cpp">
      <Filter>Source Files\Clases\Light</Filter>
    </ClCompile>
    <ClCompile Include="SpotLight.cpp">
      <Filter>Source Files\Clases\Light</Filter>
    </ClCompile>
    <ClCompile Include="HeadLight.cpp">
      <Filter>Source Files\Clases\Light</Filter>
    </ClCompile>
  </ItemGroup>
  <ItemGroup>
    <ClInclude Include="Application.h">
      <Filter>Header Files</Filter>
    </ClInclude>
    <ClInclude Include="Model.h">
      <Filter>Header Files</Filter>
    </ClInclude>
    <ClInclude Include="DrawableObject.h">
      <Filter>Header Files</Filter>
    </ClInclude>
    <ClInclude Include="Rotate.h">
      <Filter>Header Files</Filter>
    </ClInclude>
    <ClInclude Include="Scale.h">
      <Filter>Header Files</Filter>
    </ClInclude>
    <ClInclude Include="Scene.h">
      <Filter>Header Files</Filter>
    </ClInclude>
    <ClInclude Include="Scene_1.h">
      <Filter>Header Files</Filter>
    </ClInclude>
    <ClInclude Include="Scene_2.h">
      <Filter>Header Files</Filter>
    </ClInclude>
    <ClInclude Include="Scene_3.h">
      <Filter>Header Files</Filter>
    </ClInclude>
    <ClInclude Include="ShaderProgram.h">
      <Filter>Header Files</Filter>
    </ClInclude>
    <ClInclude Include="Transform.h">
      <Filter>Header Files</Filter>
    </ClInclude>
    <ClInclude Include="Translate.h">
      <Filter>Header Files</Filter>
    </ClInclude>
    <ClInclude Include="TransformBase.h">
      <Filter>Header Files</Filter>
    </ClInclude>
    <ClInclude Include="Shader.h">
      <Filter>Header Files</Filter>
    </ClInclude>
    <ClInclude Include="Camera.h">
      <Filter>Header Files</Filter>
    </ClInclude>
    <ClInclude Include="SceneManager.h">
      <Filter>Header Files</Filter>
    </ClInclude>
    <ClInclude Include="InputManager.h">
      <Filter>Header Files</Filter>
    </ClInclude>
    <ClInclude Include="Observer.h">
      <Filter>Source Files\ObserverPattern</Filter>
    </ClInclude>
    <ClInclude Include="Subject.h">
      <Filter>Source Files\ObserverPattern</Filter>
    </ClInclude>
    <ClInclude Include="Models\tree.h">
      <Filter>Models</Filter>
    </ClInclude>
    <ClInclude Include="Models\suzi_smooth.h">
      <Filter>Models</Filter>
    </ClInclude>
    <ClInclude Include="Models\suzi_flat.h">
      <Filter>Models</Filter>
    </ClInclude>
    <ClInclude Include="Models\sphere.h">
      <Filter>Models</Filter>
    </ClInclude>
    <ClInclude Include="Models\plain.h">
      <Filter>Models</Filter>
    </ClInclude>
    <ClInclude Include="Models\gift.h">
      <Filter>Models</Filter>
    </ClInclude>
    <ClInclude Include="Models\bushes.h">
      <Filter>Models</Filter>
    </ClInclude>
    <ClInclude Include="Light.h">
      <Filter>Header Files</Filter>
    </ClInclude>
    <ClInclude Include="EnumObservableSubjects.h">
      <Filter>Source Files\ObserverPattern</Filter>
    </ClInclude>
    <ClInclude Include="DynamicRotation.h">
      <Filter>Header Files</Filter>
    </ClInclude>
    <ClInclude Include="Models\triangle.h">
      <Filter>Models</Filter>
    </ClInclude>
    <ClInclude Include="EnumLightType.h">
      <Filter>Source Files\Clases\Light</Filter>
    </ClInclude>
    <ClInclude Include="DirectionalLight.h">
      <Filter>Header Files</Filter>
    </ClInclude>
    <ClInclude Include="PointLight.h">
      <Filter>Header Files</Filter>
    </ClInclude>
    <ClInclude Include="SpotLight.h">
      <Filter>Header Files</Filter>
    </ClInclude>
    <ClInclude Include="HeadLight.h">
      <Filter>Header Files</Filter>
    </ClInclude>
  </ItemGroup>
  <ItemGroup>
    <None Include="ShaderSource\constant.frag">
      <Filter>ShaderSource</Filter>
    </None>
    <None Include="ShaderSource\constant.vert">
      <Filter>ShaderSource</Filter>
    </None>
    <None Include="ShaderSource\lamb.frag">
      <Filter>ShaderSource</Filter>
    </None>
    <None Include="ShaderSource\lamb.vert">
      <Filter>ShaderSource</Filter>
    </None>
    <None Include="ShaderSource\phong.frag">
      <Filter>ShaderSource</Filter>
    </None>
    <None Include="ShaderSource\phong.vert">
      <Filter>ShaderSource</Filter>
    </None>
    <None Include="ShaderSource\bling.frag">
      <Filter>ShaderSource</Filter>
    </None>
    <None Include="ShaderSource\bling.vert">
      <Filter>ShaderSource</Filter>
    </None>
    <None Include="ShaderSource\phongMultiLight.frag">
      <Filter>ShaderSource</Filter>
    </None>
    <None Include="ShaderSource\phongMultiLight.vert">
      <Filter>ShaderSource</Filter>
    </None>
  </ItemGroup>
</Project>